
Microsoft Visual Studio Solution File, Format Version 12.00
# Visual Studio Version 17
VisualStudioVersion = 17.3.32901.215
MinimumVisualStudioVersion = 10.0.40219.1
Project("{FAE04EC0-301F-11D3-BF4B-00C04F79EFBC}") = "WpfApp52", "WpfApp52.csproj", "{3ADC8015-B46D-4568-BEC8-DA3844FE7EC1}"
EndProject
Global
	GlobalSection(SolutionConfigurationPlatforms) = preSolution
		Debug|Any CPU = Debug|Any CPU
		Release|Any CPU = Release|Any CPU
	EndGlobalSection
	GlobalSection(ProjectConfigurationPlatforms) = postSolution
		{3ADC8015-B46D-4568-BEC8-DA3844FE7EC1}.Debug|Any CPU.ActiveCfg = Debug|Any CPU
		{3ADC8015-B46D-4568-BEC8-DA3844FE7EC1}.Debug|Any CPU.Build.0 = Debug|Any CPU
		{3ADC8015-B46D-4568-BEC8-DA3844FE7EC1}.Release|Any CPU.ActiveCfg = Release|Any CPU
		{3ADC8015-B46D-4568-BEC8-DA3844FE7EC1}.Release|Any CPU.Build.0 = Release|Any CPU
	EndGlobalSection
	GlobalSection(SolutionProperties) = preSolution
		HideSolutionNode = FALSE
	EndGlobalSection
	GlobalSection(ExtensibilityGlobals) = postSolution
		SolutionGuid = {3ED85CE6-3AD1-4DCF-87A8-DF337861474E}
	EndGlobalSection
EndGlobal
